
Microsoft Visual Studio Solution File, Format Version 12.00
# Visual Studio 2013
VisualStudioVersion = 12.0.21005.1
MinimumVisualStudioVersion = 10.0.40219.1
Project("{FAE04EC0-301F-11D3-BF4B-00C04F79EFBC}") = "Plugin_ThemCSDTvaoNTBocLaMia", "Plugin_ThemCSDTvaoNTBocLaMia\Plugin_ThemCSDTvaoNTBocLaMia.csproj", "{23F424F6-AA7B-4EA8-802C-9D34109B9EF2}"
EndProject
Project("{FAE04EC0-301F-11D3-BF4B-00C04F79EFBC}") = "TrangThietBiConsoleApp", "TrangThietBiConsoleApp\TrangThietBiConsoleApp.csproj", "{A3B7AFDB-E988-471F-9D06-9CB44B75C948}"
EndProject
Global
	GlobalSection(SolutionConfigurationPlatforms) = preSolution
		Debug|Any CPU = Debug|Any CPU
		Release|Any CPU = Release|Any CPU
	EndGlobalSection
	GlobalSection(ProjectConfigurationPlatforms) = postSolution
		{23F424F6-AA7B-4EA8-802C-9D34109B9EF2}.Debug|Any CPU.ActiveCfg = Debug|Any CPU
		{23F424F6-AA7B-4EA8-802C-9D34109B9EF2}.Debug|Any CPU.Build.0 = Debug|Any CPU
		{23F424F6-AA7B-4EA8-802C-9D34109B9EF2}.Release|Any CPU.ActiveCfg = Release|Any CPU
		{23F424F6-AA7B-4EA8-802C-9D34109B9EF2}.Release|Any CPU.Build.0 = Release|Any CPU
		{A3B7AFDB-E988-471F-9D06-9CB44B75C948}.Debug|Any CPU.ActiveCfg = Debug|Any CPU
		{A3B7AFDB-E988-471F-9D06-9CB44B75C948}.Debug|Any CPU.Build.0 = Debug|Any CPU
		{A3B7AFDB-E988-471F-9D06-9CB44B75C948}.Release|Any CPU.ActiveCfg = Release|Any CPU
		{A3B7AFDB-E988-471F-9D06-9CB44B75C948}.Release|Any CPU.Build.0 = Release|Any CPU
	EndGlobalSection
	GlobalSection(SolutionProperties) = preSolution
		HideSolutionNode = FALSE
	EndGlobalSection
EndGlobal
