
Microsoft Visual Studio Solution File, Format Version 12.00
# Visual Studio 14
VisualStudioVersion = 14.0.25123.0
MinimumVisualStudioVersion = 10.0.40219.1
Project("{FAE04EC0-301F-11D3-BF4B-00C04F79EFBC}") = "Plugin_ChitietHDDTTTB_ReloadTLTHVDK", "Plugin_ChitietHDDTTTB_ReloadTLTHVDK\Plugin_ChitietHDDTTTB_ReloadTLTHVDK.csproj", "{8AF7EFFE-2E9B-44E9-85B3-AEAB01C410AD}"
EndProject
Global
	GlobalSection(SolutionConfigurationPlatforms) = preSolution
		Debug|Any CPU = Debug|Any CPU
		Release|Any CPU = Release|Any CPU
	EndGlobalSection
	GlobalSection(ProjectConfigurationPlatforms) = postSolution
		{8AF7EFFE-2E9B-44E9-85B3-AEAB01C410AD}.Debug|Any CPU.ActiveCfg = Debug|Any CPU
		{8AF7EFFE-2E9B-44E9-85B3-AEAB01C410AD}.Debug|Any CPU.Build.0 = Debug|Any CPU
		{8AF7EFFE-2E9B-44E9-85B3-AEAB01C410AD}.Release|Any CPU.ActiveCfg = Release|Any CPU
		{8AF7EFFE-2E9B-44E9-85B3-AEAB01C410AD}.Release|Any CPU.Build.0 = Release|Any CPU
	EndGlobalSection
	GlobalSection(SolutionProperties) = preSolution
		HideSolutionNode = FALSE
	EndGlobalSection
EndGlobal
