
Microsoft Visual Studio Solution File, Format Version 12.00
# Visual Studio 14
VisualStudioVersion = 14.0.25420.1
MinimumVisualStudioVersion = 10.0.40219.1
Project("{FAE04EC0-301F-11D3-BF4B-00C04F79EFBC}") = "Plugin_CreateETL_LenhChi_PhieuTinhTienMia", "Plugin_CreateETL_LenhChi_PhieuTinhTienMia\Plugin_CreateETL_LenhChi_PhieuTinhTienMia.csproj", "{184174F6-B111-4E35-BF92-63849A57845F}"
EndProject
Global
	GlobalSection(SolutionConfigurationPlatforms) = preSolution
		Debug|Any CPU = Debug|Any CPU
		Release|Any CPU = Release|Any CPU
	EndGlobalSection
	GlobalSection(ProjectConfigurationPlatforms) = postSolution
		{184174F6-B111-4E35-BF92-63849A57845F}.Debug|Any CPU.ActiveCfg = Debug|Any CPU
		{184174F6-B111-4E35-BF92-63849A57845F}.Debug|Any CPU.Build.0 = Debug|Any CPU
		{184174F6-B111-4E35-BF92-63849A57845F}.Release|Any CPU.ActiveCfg = Release|Any CPU
		{184174F6-B111-4E35-BF92-63849A57845F}.Release|Any CPU.Build.0 = Release|Any CPU
	EndGlobalSection
	GlobalSection(SolutionProperties) = preSolution
		HideSolutionNode = FALSE
	EndGlobalSection
EndGlobal
