
Microsoft Visual Studio Solution File, Format Version 12.00
# Visual Studio 2013
VisualStudioVersion = 12.0.21005.1
MinimumVisualStudioVersion = 10.0.40219.1
Project("{FAE04EC0-301F-11D3-BF4B-00C04F79EFBC}") = "Plugin_PhieuChuyenNo_PBDT", "Plugin_PhieuChuyenNo_PBDT\Plugin_PhieuChuyenNo_PBDT.csproj", "{CF3AE4C1-18A3-4049-9A90-CBA9D1FD5782}"
EndProject
Global
	GlobalSection(SolutionConfigurationPlatforms) = preSolution
		Debug|Any CPU = Debug|Any CPU
		Release|Any CPU = Release|Any CPU
	EndGlobalSection
	GlobalSection(ProjectConfigurationPlatforms) = postSolution
		{CF3AE4C1-18A3-4049-9A90-CBA9D1FD5782}.Debug|Any CPU.ActiveCfg = Debug|Any CPU
		{CF3AE4C1-18A3-4049-9A90-CBA9D1FD5782}.Debug|Any CPU.Build.0 = Debug|Any CPU
		{CF3AE4C1-18A3-4049-9A90-CBA9D1FD5782}.Release|Any CPU.ActiveCfg = Release|Any CPU
		{CF3AE4C1-18A3-4049-9A90-CBA9D1FD5782}.Release|Any CPU.Build.0 = Release|Any CPU
	EndGlobalSection
	GlobalSection(SolutionProperties) = preSolution
		HideSolutionNode = FALSE
	EndGlobalSection
EndGlobal
